{
  "version": 4,
  "terraform_version": "0.12.4",
  "serial": 22,
  "lineage": "edb0f8c3-23d4-9667-71cf-30065832dc2d",
  "outputs": {},
  "resources": [
    {
      "module": "module.s3-static-website",
      "mode": "managed",
      "type": "aws_cloudfront_distribution",
      "name": "redirect1",
      "each": "list",
      "provider": "provider.aws",
      "instances": []
    },
    {
      "module": "module.s3-static-website",
      "mode": "managed",
      "type": "aws_route53_record",
      "name": "alias",
      "each": "list",
      "provider": "provider.aws",
      "instances": []
    },
    {
      "module": "module.s3-static-website",
      "mode": "managed",
      "type": "aws_route53_record",
      "name": "redirect1",
      "each": "list",
      "provider": "provider.aws",
      "instances": []
    },
    {
      "module": "module.s3-static-website",
      "mode": "managed",
      "type": "aws_s3_bucket",
      "name": "redirect1",
      "each": "list",
      "provider": "provider.aws",
      "instances": [
        {
          "index_key": 0,
          "schema_version": 0,
          "attributes": {
            "acceleration_status": "",
            "acl": "private",
            "arn": "arn:aws:s3:::www.devv.eurustechnologies.com",
            "bucket": "www.devv.eurustechnologies.com",
            "bucket_domain_name": "www.devv.eurustechnologies.com.s3.amazonaws.com",
            "bucket_prefix": null,
            "bucket_regional_domain_name": "www.devv.eurustechnologies.com.s3.amazonaws.com",
            "cors_rule": [],
            "force_destroy": false,
            "hosted_zone_id": "Z3AQBSTGFYJSTF",
            "id": "www.devv.eurustechnologies.com",
            "lifecycle_rule": [],
            "logging": [],
            "object_lock_configuration": [],
            "policy": null,
            "region": "us-east-1",
            "replication_configuration": [],
            "request_payer": "BucketOwner",
            "server_side_encryption_configuration": [],
            "tags": {
              "Foo": "Bar",
              "Name": "www.devv.eurustechnologies.com-redirect"
            },
            "versioning": [
              {
                "enabled": false,
                "mfa_delete": false
              }
            ],
            "website": [
              {
                "error_document": "",
                "index_document": "",
                "redirect_all_requests_to": "https://devv.eurustechnologies.com",
                "routing_rules": ""
              }
            ],
            "website_domain": "s3-website-us-east-1.amazonaws.com",
            "website_endpoint": "www.devv.eurustechnologies.com.s3-website-us-east-1.amazonaws.com"
          }
        }
      ]
    },
    {
      "module": "module.s3-static-website",
      "mode": "managed",
      "type": "aws_s3_bucket",
      "name": "static_website1",
      "provider": "provider.aws",
      "instances": [
        {
          "schema_version": 0,
          "attributes": {
            "acceleration_status": "",
            "acl": "private",
            "arn": "arn:aws:s3:::devv.eurustechnologies.com",
            "bucket": "devv.eurustechnologies.com",
            "bucket_domain_name": "devv.eurustechnologies.com.s3.amazonaws.com",
            "bucket_prefix": null,
            "bucket_regional_domain_name": "devv.eurustechnologies.com.s3.amazonaws.com",
            "cors_rule": [],
            "force_destroy": false,
            "hosted_zone_id": "Z3AQBSTGFYJSTF",
            "id": "devv.eurustechnologies.com",
            "lifecycle_rule": [],
            "logging": [],
            "object_lock_configuration": [],
            "policy": null,
            "region": "us-east-1",
            "replication_configuration": [],
            "request_payer": "BucketOwner",
            "server_side_encryption_configuration": [],
            "tags": {
              "Foo": "Bar",
              "Name": "devv.eurustechnologies.com-static_website"
            },
            "versioning": [
              {
                "enabled": false,
                "mfa_delete": false
              }
            ],
            "website": [
              {
                "error_document": "error.html",
                "index_document": "index.html",
                "redirect_all_requests_to": "",
                "routing_rules": "[{\"Condition\":{\"KeyPrefixEquals\":\"public/public/\"},\"Redirect\":{\"HostName\":\"devv.eurustechnologies.com\",\"HttpRedirectCode\":\"301\",\"Protocol\":\"https\",\"ReplaceKeyPrefixWith\":\"\"}}]"
              }
            ],
            "website_domain": "s3-website-us-east-1.amazonaws.com",
            "website_endpoint": "devv.eurustechnologies.com.s3-website-us-east-1.amazonaws.com"
          }
        }
      ]
    }
  ]
}
